
Microsoft Visual Studio Solution File, Format Version 12.00
# Visual Studio Version 17
VisualStudioVersion = 17.8.34330.188
MinimumVisualStudioVersion = 10.0.40219.1
Project("{FAE04EC0-301F-11D3-BF4B-00C04F79EFBC}") = "PRM_API", "PRM_API.csproj", "{AB182F0F-F57B-4DF7-9FAB-42CED1803186}"
EndProject
Global
	GlobalSection(SolutionConfigurationPlatforms) = preSolution
		Debug|Any CPU = Debug|Any CPU
		Release|Any CPU = Release|Any CPU
	EndGlobalSection
	GlobalSection(ProjectConfigurationPlatforms) = postSolution
		{AB182F0F-F57B-4DF7-9FAB-42CED1803186}.Debug|Any CPU.ActiveCfg = Debug|Any CPU
		{AB182F0F-F57B-4DF7-9FAB-42CED1803186}.Debug|Any CPU.Build.0 = Debug|Any CPU
		{AB182F0F-F57B-4DF7-9FAB-42CED1803186}.Release|Any CPU.ActiveCfg = Release|Any CPU
		{AB182F0F-F57B-4DF7-9FAB-42CED1803186}.Release|Any CPU.Build.0 = Release|Any CPU
	EndGlobalSection
	GlobalSection(SolutionProperties) = preSolution
		HideSolutionNode = FALSE
	EndGlobalSection
	GlobalSection(ExtensibilityGlobals) = postSolution
		SolutionGuid = {8B95BAB5-06A6-4D98-9CD5-80ED3E6D674C}
	EndGlobalSection
EndGlobal
